
Microsoft Visual Studio Solution File, Format Version 12.00
# Visual Studio Version 16
VisualStudioVersion = 16.0.31515.178
MinimumVisualStudioVersion = 10.0.40219.1
Project("{FAE04EC0-301F-11D3-BF4B-00C04F79EFBC}") = "Mantenimiento_Buscar_Eliminar_actualizar", "Mantenimiento_Buscar_Eliminar_actualizar\Mantenimiento_Buscar_Eliminar_actualizar.csproj", "{1D54E1D5-3CA0-4CB3-83F6-30523FD98473}"
EndProject
Project("{FAE04EC0-301F-11D3-BF4B-00C04F79EFBC}") = "CapaDatos", "CapaDatos\CapaDatos.csproj", "{20FFFA24-5EE3-4132-90FE-F75507E29502}"
EndProject
Project("{FAE04EC0-301F-11D3-BF4B-00C04F79EFBC}") = "Capa_Entidad", "Capa_Entidad\Capa_Entidad.csproj", "{37D9BB1B-6213-423A-8F68-79816003021E}"
EndProject
Project("{FAE04EC0-301F-11D3-BF4B-00C04F79EFBC}") = "Capa_Negocio", "Capa_Negocio\Capa_Negocio.csproj", "{D9D7ED52-6BB9-4581-9199-797EC51A424D}"
EndProject
Global
	GlobalSection(SolutionConfigurationPlatforms) = preSolution
		Debug|Any CPU = Debug|Any CPU
		Release|Any CPU = Release|Any CPU
	EndGlobalSection
	GlobalSection(ProjectConfigurationPlatforms) = postSolution
		{1D54E1D5-3CA0-4CB3-83F6-30523FD98473}.Debug|Any CPU.ActiveCfg = Debug|Any CPU
		{1D54E1D5-3CA0-4CB3-83F6-30523FD98473}.Debug|Any CPU.Build.0 = Debug|Any CPU
		{1D54E1D5-3CA0-4CB3-83F6-30523FD98473}.Release|Any CPU.ActiveCfg = Release|Any CPU
		{1D54E1D5-3CA0-4CB3-83F6-30523FD98473}.Release|Any CPU.Build.0 = Release|Any CPU
		{20FFFA24-5EE3-4132-90FE-F75507E29502}.Debug|Any CPU.ActiveCfg = Debug|Any CPU
		{20FFFA24-5EE3-4132-90FE-F75507E29502}.Debug|Any CPU.Build.0 = Debug|Any CPU
		{20FFFA24-5EE3-4132-90FE-F75507E29502}.Release|Any CPU.ActiveCfg = Release|Any CPU
		{20FFFA24-5EE3-4132-90FE-F75507E29502}.Release|Any CPU.Build.0 = Release|Any CPU
		{37D9BB1B-6213-423A-8F68-79816003021E}.Debug|Any CPU.ActiveCfg = Debug|Any CPU
		{37D9BB1B-6213-423A-8F68-79816003021E}.Debug|Any CPU.Build.0 = Debug|Any CPU
		{37D9BB1B-6213-423A-8F68-79816003021E}.Release|Any CPU.ActiveCfg = Release|Any CPU
		{37D9BB1B-6213-423A-8F68-79816003021E}.Release|Any CPU.Build.0 = Release|Any CPU
		{D9D7ED52-6BB9-4581-9199-797EC51A424D}.Debug|Any CPU.ActiveCfg = Debug|Any CPU
		{D9D7ED52-6BB9-4581-9199-797EC51A424D}.Debug|Any CPU.Build.0 = Debug|Any CPU
		{D9D7ED52-6BB9-4581-9199-797EC51A424D}.Release|Any CPU.ActiveCfg = Release|Any CPU
		{D9D7ED52-6BB9-4581-9199-797EC51A424D}.Release|Any CPU.Build.0 = Release|Any CPU
	EndGlobalSection
	GlobalSection(SolutionProperties) = preSolution
		HideSolutionNode = FALSE
	EndGlobalSection
	GlobalSection(ExtensibilityGlobals) = postSolution
		SolutionGuid = {7397F348-6AED-46C7-8FC0-E160680EF3C8}
	EndGlobalSection
EndGlobal
